
Microsoft Visual Studio Solution File, Format Version 12.00
# Visual Studio Version 17
VisualStudioVersion = 17.5.33414.496
MinimumVisualStudioVersion = 10.0.40219.1
Project("{FAE04EC0-301F-11D3-BF4B-00C04F79EFBC}") = "UltimateHelloWorld", "UltimateHelloWorld\UltimateHelloWorld.csproj", "{DD655FC5-AAED-4454-87EA-127A6A209774}"
EndProject
Project("{FAE04EC0-301F-11D3-BF4B-00C04F79EFBC}") = "HelloWorldLibrary", "HelloWorldLibrary\HelloWorldLibrary.csproj", "{A731D776-C45E-4416-9E3B-5EB29450A8EB}"
EndProject
Project("{FAE04EC0-301F-11D3-BF4B-00C04F79EFBC}") = "HelloWorldTests", "HelloWorldTests\HelloWorldTests.csproj", "{C039B958-7E4D-48E8-BB01-93D9616DC138}"
EndProject
Global
	GlobalSection(SolutionConfigurationPlatforms) = preSolution
		Debug|Any CPU = Debug|Any CPU
		Release|Any CPU = Release|Any CPU
	EndGlobalSection
	GlobalSection(ProjectConfigurationPlatforms) = postSolution
		{DD655FC5-AAED-4454-87EA-127A6A209774}.Debug|Any CPU.ActiveCfg = Debug|Any CPU
		{DD655FC5-AAED-4454-87EA-127A6A209774}.Debug|Any CPU.Build.0 = Debug|Any CPU
		{DD655FC5-AAED-4454-87EA-127A6A209774}.Release|Any CPU.ActiveCfg = Release|Any CPU
		{DD655FC5-AAED-4454-87EA-127A6A209774}.Release|Any CPU.Build.0 = Release|Any CPU
		{A731D776-C45E-4416-9E3B-5EB29450A8EB}.Debug|Any CPU.ActiveCfg = Debug|Any CPU
		{A731D776-C45E-4416-9E3B-5EB29450A8EB}.Debug|Any CPU.Build.0 = Debug|Any CPU
		{A731D776-C45E-4416-9E3B-5EB29450A8EB}.Release|Any CPU.ActiveCfg = Release|Any CPU
		{A731D776-C45E-4416-9E3B-5EB29450A8EB}.Release|Any CPU.Build.0 = Release|Any CPU
		{C039B958-7E4D-48E8-BB01-93D9616DC138}.Debug|Any CPU.ActiveCfg = Debug|Any CPU
		{C039B958-7E4D-48E8-BB01-93D9616DC138}.Debug|Any CPU.Build.0 = Debug|Any CPU
		{C039B958-7E4D-48E8-BB01-93D9616DC138}.Release|Any CPU.ActiveCfg = Release|Any CPU
		{C039B958-7E4D-48E8-BB01-93D9616DC138}.Release|Any CPU.Build.0 = Release|Any CPU
	EndGlobalSection
	GlobalSection(SolutionProperties) = preSolution
		HideSolutionNode = FALSE
	EndGlobalSection
	GlobalSection(ExtensibilityGlobals) = postSolution
		SolutionGuid = {E4806BCE-EA59-4FEB-A422-FBE079F47434}
	EndGlobalSection
EndGlobal
